
Microsoft Visual Studio Solution File, Format Version 12.00
# Visual Studio Version 17
VisualStudioVersion = 17.7.34031.279
MinimumVisualStudioVersion = 10.0.40219.1
Project("{FAE04EC0-301F-11D3-BF4B-00C04F79EFBC}") = "contabilidadAPI", "contabilidadAPI\contabilidadAPI.csproj", "{C7967893-DAD2-4A81-9F9B-75125F57F793}"
EndProject
Project("{FAE04EC0-301F-11D3-BF4B-00C04F79EFBC}") = "Bussines", "Bussines\Bussines.csproj", "{D7D1EEB6-4FAA-4185-B030-73B0EA8978EA}"
EndProject
Project("{FAE04EC0-301F-11D3-BF4B-00C04F79EFBC}") = "Data", "Data\Data.csproj", "{EBF07713-F3ED-4B4C-BB6A-5F5178E9A619}"
EndProject
Project("{FAE04EC0-301F-11D3-BF4B-00C04F79EFBC}") = "DTO", "DTO\DTO.csproj", "{D544753D-0A53-4E4B-BD45-FB50C1B0DEB5}"
EndProject
Project("{FAE04EC0-301F-11D3-BF4B-00C04F79EFBC}") = "Util", "Util\Util.csproj", "{CD7642BA-D0CF-42A7-957E-241657C81D12}"
EndProject
Global
	GlobalSection(SolutionConfigurationPlatforms) = preSolution
		Debug|Any CPU = Debug|Any CPU
		Release|Any CPU = Release|Any CPU
	EndGlobalSection
	GlobalSection(ProjectConfigurationPlatforms) = postSolution
		{C7967893-DAD2-4A81-9F9B-75125F57F793}.Debug|Any CPU.ActiveCfg = Debug|Any CPU
		{C7967893-DAD2-4A81-9F9B-75125F57F793}.Debug|Any CPU.Build.0 = Debug|Any CPU
		{C7967893-DAD2-4A81-9F9B-75125F57F793}.Release|Any CPU.ActiveCfg = Release|Any CPU
		{C7967893-DAD2-4A81-9F9B-75125F57F793}.Release|Any CPU.Build.0 = Release|Any CPU
		{D7D1EEB6-4FAA-4185-B030-73B0EA8978EA}.Debug|Any CPU.ActiveCfg = Debug|Any CPU
		{D7D1EEB6-4FAA-4185-B030-73B0EA8978EA}.Debug|Any CPU.Build.0 = Debug|Any CPU
		{D7D1EEB6-4FAA-4185-B030-73B0EA8978EA}.Release|Any CPU.ActiveCfg = Release|Any CPU
		{D7D1EEB6-4FAA-4185-B030-73B0EA8978EA}.Release|Any CPU.Build.0 = Release|Any CPU
		{EBF07713-F3ED-4B4C-BB6A-5F5178E9A619}.Debug|Any CPU.ActiveCfg = Debug|Any CPU
		{EBF07713-F3ED-4B4C-BB6A-5F5178E9A619}.Debug|Any CPU.Build.0 = Debug|Any CPU
		{EBF07713-F3ED-4B4C-BB6A-5F5178E9A619}.Release|Any CPU.ActiveCfg = Release|Any CPU
		{EBF07713-F3ED-4B4C-BB6A-5F5178E9A619}.Release|Any CPU.Build.0 = Release|Any CPU
		{D544753D-0A53-4E4B-BD45-FB50C1B0DEB5}.Debug|Any CPU.ActiveCfg = Debug|Any CPU
		{D544753D-0A53-4E4B-BD45-FB50C1B0DEB5}.Debug|Any CPU.Build.0 = Debug|Any CPU
		{D544753D-0A53-4E4B-BD45-FB50C1B0DEB5}.Release|Any CPU.ActiveCfg = Release|Any CPU
		{D544753D-0A53-4E4B-BD45-FB50C1B0DEB5}.Release|Any CPU.Build.0 = Release|Any CPU
		{CD7642BA-D0CF-42A7-957E-241657C81D12}.Debug|Any CPU.ActiveCfg = Debug|Any CPU
		{CD7642BA-D0CF-42A7-957E-241657C81D12}.Debug|Any CPU.Build.0 = Debug|Any CPU
		{CD7642BA-D0CF-42A7-957E-241657C81D12}.Release|Any CPU.ActiveCfg = Release|Any CPU
		{CD7642BA-D0CF-42A7-957E-241657C81D12}.Release|Any CPU.Build.0 = Release|Any CPU
	EndGlobalSection
	GlobalSection(SolutionProperties) = preSolution
		HideSolutionNode = FALSE
	EndGlobalSection
	GlobalSection(ExtensibilityGlobals) = postSolution
		SolutionGuid = {B08CC027-D0AB-4A50-BACE-BABCEE5164BD}
	EndGlobalSection
EndGlobal
